
Microsoft Visual Studio Solution File, Format Version 12.00
# Visual Studio 15
VisualStudioVersion = 15.0.27428.2015
MinimumVisualStudioVersion = 10.0.40219.1
Project("{FAE04EC0-301F-11D3-BF4B-00C04F79EFBC}") = "Demo", "Demo\Demo.csproj", "{FE3D6AF9-A5B5-4EA1-8260-5F4F3DEF9C1A}"
EndProject
Global
	GlobalSection(SolutionConfigurationPlatforms) = preSolution
		Debug|Any CPU = Debug|Any CPU
		Release|Any CPU = Release|Any CPU
	EndGlobalSection
	GlobalSection(ProjectConfigurationPlatforms) = postSolution
		{FE3D6AF9-A5B5-4EA1-8260-5F4F3DEF9C1A}.Debug|Any CPU.ActiveCfg = Debug|Any CPU
		{FE3D6AF9-A5B5-4EA1-8260-5F4F3DEF9C1A}.Debug|Any CPU.Build.0 = Debug|Any CPU
		{FE3D6AF9-A5B5-4EA1-8260-5F4F3DEF9C1A}.Release|Any CPU.ActiveCfg = Release|Any CPU
		{FE3D6AF9-A5B5-4EA1-8260-5F4F3DEF9C1A}.Release|Any CPU.Build.0 = Release|Any CPU
	EndGlobalSection
	GlobalSection(SolutionProperties) = preSolution
		HideSolutionNode = FALSE
	EndGlobalSection
	GlobalSection(ExtensibilityGlobals) = postSolution
		SolutionGuid = {76C5C148-76D3-4D6D-8B76-6D06206DBB7C}
	EndGlobalSection
EndGlobal
